<?xml version="1.0" encoding="utf-8"?>
<Project ToolsVersion="4.0" xmlns="http://schemas.microsoft.com/developer/msbuild/2003">
  <ItemGroup>
    <Filter Include="Source Files">
      <UniqueIdentifier>{4FC737F1-C7A5-4376-A066-2A32D752A2FF}</UniqueIdentifier>
      <Extensions>cpp;c;cc;cxx;def;odl;idl;hpj;bat;asm;asmx</Extensions>
    </Filter>
    <Filter Include="Header Files">
      <UniqueIdentifier>{93995380-89BD-4b04-88EB-625FBE52EBFB}</UniqueIdentifier>
      <Extensions>h;hh;hpp;hxx;hm;inl;inc;xsd</Extensions>
    </Filter>
    <Filter Include="Resource Files">
      <UniqueIdentifier>{D9D6E242-F8AF-46E4-B9FD-80ECBC20BA3E}</UniqueIdentifier>
      <Extensions>qrc;*</Extensions>
      <ParseFiles>false</ParseFiles>
    </Filter>
    <Filter Include="Resource Files">
      <UniqueIdentifier>{D9D6E242-F8AF-46E4-B9FD-80ECBC20BA3E}</UniqueIdentifier>
      <Extensions>qrc;*</Extensions>
      <ParseFiles>false</ParseFiles>
    </Filter>
  </ItemGroup>
  <ItemGroup>
    <ClCompile Include="ClientServerProtocol.cpp">
      <Filter>Source Files</Filter>
    </ClCompile>
    <ClCompile Include="TcpTransport.cpp">
      <Filter>Source Files</Filter>
    </ClCompile>
    <ClCompile Include="USBTransport.cpp">
      <Filter>Source Files</Filter>
    </ClCompile>
    <ClCompile Include="CRCCCITT.cpp">
      <Filter>Source Files</Filter>
    </ClCompile>
    <ClCompile Include="ScoutServer.cpp">
      <Filter>Source Files</Filter>
    </ClCompile>
    <ClCompile Include="TcpServer.cpp">
      <Filter>Source Files</Filter>
    </ClCompile>
    <ClCompile Include="USBServer.cpp">
      <Filter>Source Files</Filter>
    </ClCompile>
    <ClCompile Include="BluetoothIDS.cpp">
      <Filter>Source Files</Filter>
    </ClCompile>
    <ClCompile Include="BluetoothServer.cpp">
      <Filter>Source Files</Filter>
    </ClCompile>
    <ClCompile Include="BluetoothTransport.cpp">
      <Filter>Source Files</Filter>
    </ClCompile>
    <ClCompile Include="BluetoothClient.cpp">
      <Filter>Source Files</Filter>
    </ClCompile>
  </ItemGroup>
  <ItemGroup>
    <ClInclude Include="scouttransport_global.h">
      <Filter>Header Files</Filter>
    </ClInclude>
    <ClInclude Include="TcpTransport.h">
      <Filter>Header Files</Filter>
    </ClInclude>
    <ClInclude Include="USBTransport.h">
      <Filter>Header Files</Filter>
    </ClInclude>
    <ClInclude Include="CRCCCITT.h">
      <Filter>Header Files</Filter>
    </ClInclude>
    <ClInclude Include="USBServer.h">
      <Filter>Header Files</Filter>
    </ClInclude>
    <ClInclude Include="TcpServer.h">
      <Filter>Header Files</Filter>
    </ClInclude>
    <ClInclude Include="BluetoothIDS.h">
      <Filter>Header Files</Filter>
    </ClInclude>
  </ItemGroup>
  <ItemGroup>
    <QtMoc Include="ScoutTransport.h">
      <Filter>Header Files</Filter>
    </QtMoc>
    <QtMoc Include="ClientServerProtocol.h">
      <Filter>Header Files</Filter>
    </QtMoc>
    <QtMoc Include="ScoutServer.h">
      <Filter>Header Files</Filter>
    </QtMoc>
    <QtMoc Include="BluetoothServer.h">
      <Filter>Header Files</Filter>
    </QtMoc>
    <QtMoc Include="BluetoothTransport.h">
      <Filter>Header Files</Filter>
    </QtMoc>
    <QtMoc Include="BluetoothClient.h">
      <Filter>Header Files</Filter>
    </QtMoc>
  </ItemGroup>
</Project>