<?xml version="1.0" encoding="utf-8"?>
<Project ToolsVersion="4.0" xmlns="http://schemas.microsoft.com/developer/msbuild/2003">
  <ItemGroup>
    <Filter Include="Source Files">
      <UniqueIdentifier>{4FC737F1-C7A5-4376-A066-2A32D752A2FF}</UniqueIdentifier>
      <Extensions>cpp;c;cc;cxx;def;odl;idl;hpj;bat;asm;asmx</Extensions>
    </Filter>
    <Filter Include="Header Files">
      <UniqueIdentifier>{93995380-89BD-4b04-88EB-625FBE52EBFB}</UniqueIdentifier>
      <Extensions>h;hh;hpp;hxx;hm;inl;inc;xsd</Extensions>
    </Filter>
    <Filter Include="Resource Files">
      <UniqueIdentifier>{D9D6E242-F8AF-46E4-B9FD-80ECBC20BA3E}</UniqueIdentifier>
      <Extensions>qrc;*</Extensions>
      <ParseFiles>false</ParseFiles>
    </Filter>
    <Filter Include="Resource Files">
      <UniqueIdentifier>{D9D6E242-F8AF-46E4-B9FD-80ECBC20BA3E}</UniqueIdentifier>
      <Extensions>qrc;*</Extensions>
      <ParseFiles>false</ParseFiles>
    </Filter>
  </ItemGroup>
  <ItemGroup>
    <ClInclude Include="pcscoutdata_global.h">
      <Filter>Header Files</Filter>
    </ClInclude>
    <ClInclude Include="BooleanFormItem.h">
      <Filter>Header Files</Filter>
    </ClInclude>
    <ClInclude Include="ChoiceFormItem.h">
      <Filter>Header Files</Filter>
    </ClInclude>
    <ClInclude Include="DataModelMatch.h">
      <Filter>Header Files</Filter>
    </ClInclude>
    <ClInclude Include="DataModelTeam.h">
      <Filter>Header Files</Filter>
    </ClInclude>
    <ClInclude Include="FormSection.h">
      <Filter>Header Files</Filter>
    </ClInclude>
    <ClInclude Include="NumericFormItem.h">
      <Filter>Header Files</Filter>
    </ClInclude>
    <ClInclude Include="ScoutingDatabase.h">
      <Filter>Header Files</Filter>
    </ClInclude>
    <ClInclude Include="ScoutingDataMap.h">
      <Filter>Header Files</Filter>
    </ClInclude>
    <ClInclude Include="ScoutingDataSet.h">
      <Filter>Header Files</Filter>
    </ClInclude>
    <ClInclude Include="TabletAssigner.h">
      <Filter>Header Files</Filter>
    </ClInclude>
    <ClInclude Include="UpDownFormItem.h">
      <Filter>Header Files</Filter>
    </ClInclude>
    <ClInclude Include="TabletIdentity.h">
      <Filter>Header Files</Filter>
    </ClInclude>
    <ClInclude Include="ScoutDataJsonNames.h">
      <Filter>Header Files</Filter>
    </ClInclude>
    <ClInclude Include="JSonDataModelConverter.h">
      <Filter>Header Files</Filter>
    </ClInclude>
    <ClInclude Include="SyncHistoryRecord.h">
      <Filter>Header Files</Filter>
    </ClInclude>
    <ClInclude Include="TextFormItem.h">
      <Filter>Header Files</Filter>
    </ClInclude>
    <ClInclude Include="GraphDescriptorCollection.h">
      <Filter>Header Files</Filter>
    </ClInclude>
    <ClInclude Include="GraphDescriptor.h">
      <Filter>Header Files</Filter>
    </ClInclude>
    <ClInclude Include="DataCollection.h">
      <Filter>Header Files</Filter>
    </ClInclude>
    <ClInclude Include="FormInstance.h">
      <Filter>Header Files</Filter>
    </ClInclude>
    <ClInclude Include="FormItemDisplay.h">
      <Filter>Header Files</Filter>
    </ClInclude>
    <ClInclude Include="FormItemDesc.h">
      <Filter>Header Files</Filter>
    </ClInclude>
    <ClInclude Include="BooleanItemDisplay.h">
      <Filter>Header Files</Filter>
    </ClInclude>
    <ClInclude Include="ChoiceItemDisplay.h">
      <Filter>Header Files</Filter>
    </ClInclude>
    <ClInclude Include="NumericItemDisplay.h">
      <Filter>Header Files</Filter>
    </ClInclude>
    <ClInclude Include="TextItemDisplay.h">
      <Filter>Header Files</Filter>
    </ClInclude>
    <ClInclude Include="UpDownItemDisplay.h">
      <Filter>Header Files</Filter>
    </ClInclude>
    <ClInclude Include="TimerCountFormItem.h">
      <Filter>Header Files</Filter>
    </ClInclude>
    <ClInclude Include="TimerCountItemDisplay.h">
      <Filter>Header Files</Filter>
    </ClInclude>
    <ClInclude Include="ScoutDataExprContext.h">
      <Filter>Header Files</Filter>
    </ClInclude>
    <ClInclude Include="ImageFormItem.h">
      <Filter>Header Files</Filter>
    </ClInclude>
    <ClInclude Include="ImageFormCountSubItem.h">
      <Filter>Header Files</Filter>
    </ClInclude>
    <ClInclude Include="ImageFormOnOffSubitem.h">
      <Filter>Header Files</Filter>
    </ClInclude>
    <ClInclude Include="ImageFormSubItem.h">
      <Filter>Header Files</Filter>
    </ClInclude>
    <ClInclude Include="ImageItemPublishInfo.h">
      <Filter>Header Files</Filter>
    </ClInclude>
    <ClInclude Include="ScoutingForm.h">
      <Filter>Header Files</Filter>
    </ClInclude>
    <ClInclude Include="ImageItemDisplay.h">
      <Filter>Header Files</Filter>
    </ClInclude>
    <ClInclude Include="ImageSupplier.h">
      <Filter>Header Files</Filter>
    </ClInclude>
    <ClInclude Include="OPRCalculator.h">
      <Filter>Header Files</Filter>
    </ClInclude>
    <ClInclude Include="Alliance.h">
      <Filter>Header Files</Filter>
    </ClInclude>
    <ClInclude Include="FieldDesc.h">
      <Filter>Header Files</Filter>
    </ClInclude>
    <ClInclude Include="ImageManager.h">
      <Filter>Header Files</Filter>
    </ClInclude>
    <ClInclude Include="PickListTranslator.h">
      <Filter>Header Files</Filter>
    </ClInclude>
    <ClInclude Include="ZebraDataInfoExtractor.h">
      <Filter>Header Files</Filter>
    </ClInclude>
    <ClInclude Include="RobotTrack.h">
      <Filter>Header Files</Filter>
    </ClInclude>
    <ClInclude Include="CircleFieldRegion.h">
      <Filter>Header Files</Filter>
    </ClInclude>
    <ClInclude Include="RectFieldRegion.h">
      <Filter>Header Files</Filter>
    </ClInclude>
    <ClInclude Include="FieldRegion.h">
      <Filter>Header Files</Filter>
    </ClInclude>
    <ClInclude Include="PolygonFieldRegion.h">
      <Filter>Header Files</Filter>
    </ClInclude>
    <ClInclude Include="resource.h">
      <Filter>Header Files</Filter>
    </ClInclude>
    <ClInclude Include="ZebraEvent.h">
      <Filter>Header Files</Filter>
    </ClInclude>
    <ClInclude Include="ZebraSequence.h">
      <Filter>Header Files</Filter>
    </ClInclude>
    <ClInclude Include="DataModelBuilder.h">
      <Filter>Header Files</Filter>
    </ClInclude>
    <ClInclude Include="SequenceAnalyzer.h">
      <Filter>Header Files</Filter>
    </ClInclude>
    <ClInclude Include="SequencePattern.h">
      <Filter>Header Files</Filter>
    </ClInclude>
    <ClInclude Include="SequenceEnterExitPattern.h">
      <Filter>Header Files</Filter>
    </ClInclude>
    <ClInclude Include="SequenceEnterIdlePattern.h">
      <Filter>Header Files</Filter>
    </ClInclude>
    <ClInclude Include="RobotActivity.h">
      <Filter>Header Files</Filter>
    </ClInclude>
    <ClInclude Include="DPRCalculator.h">
      <Filter>Header Files</Filter>
    </ClInclude>
    <ClInclude Include="DataSetHighlightRules.h">
      <Filter>Header Files</Filter>
    </ClInclude>
    <ClInclude Include="DataSetExprContext.h">
      <Filter>Header Files</Filter>
    </ClInclude>
    <ClInclude Include="PickListEntry.h">
      <Filter>Header Files</Filter>
    </ClInclude>
  </ItemGroup>
  <ItemGroup>
    <ClCompile Include="ScoutingDatabase.cpp">
      <Filter>Source Files</Filter>
    </ClCompile>
    <ClCompile Include="ScoutingDataModel.cpp">
      <Filter>Source Files</Filter>
    </ClCompile>
    <ClCompile Include="ScoutingDataSet.cpp">
      <Filter>Source Files</Filter>
    </ClCompile>
    <ClCompile Include="ScoutingForm.cpp">
      <Filter>Source Files</Filter>
    </ClCompile>
    <ClCompile Include="TabletAssigner.cpp">
      <Filter>Source Files</Filter>
    </ClCompile>
    <ClCompile Include="JSonDataModelConverter.cpp">
      <Filter>Source Files</Filter>
    </ClCompile>
    <ClCompile Include="GraphDescriptor.cpp">
      <Filter>Source Files</Filter>
    </ClCompile>
    <ClCompile Include="GraphDescriptorCollection.cpp">
      <Filter>Source Files</Filter>
    </ClCompile>
    <ClCompile Include="FormInstance.cpp">
      <Filter>Source Files</Filter>
    </ClCompile>
    <ClCompile Include="FormItemDisplay.cpp">
      <Filter>Source Files</Filter>
    </ClCompile>
    <ClCompile Include="BooleanItemDisplay.cpp">
      <Filter>Source Files</Filter>
    </ClCompile>
    <ClCompile Include="ChoiceItemDisplay.cpp">
      <Filter>Source Files</Filter>
    </ClCompile>
    <ClCompile Include="NumericItemDisplay.cpp">
      <Filter>Source Files</Filter>
    </ClCompile>
    <ClCompile Include="TextItemDisplay.cpp">
      <Filter>Source Files</Filter>
    </ClCompile>
    <ClCompile Include="UpDownItemDisplay.cpp">
      <Filter>Source Files</Filter>
    </ClCompile>
    <ClCompile Include="TimerCountItemDisplay.cpp">
      <Filter>Source Files</Filter>
    </ClCompile>
    <ClCompile Include="StartStopWidget.cpp">
      <Filter>Source Files</Filter>
    </ClCompile>
    <ClCompile Include="ImageFormItem.cpp">
      <Filter>Source Files</Filter>
    </ClCompile>
    <ClCompile Include="ImageItemDisplay.cpp">
      <Filter>Source Files</Filter>
    </ClCompile>
    <ClCompile Include="OPRCalculator.cpp">
      <Filter>Source Files</Filter>
    </ClCompile>
    <ClCompile Include="ImageManager.cpp">
      <Filter>Source Files</Filter>
    </ClCompile>
    <ClCompile Include="DataGenerator.cpp">
      <Filter>Source Files</Filter>
    </ClCompile>
    <ClCompile Include="PickListTranslator.cpp">
      <Filter>Source Files</Filter>
    </ClCompile>
    <ClCompile Include="ZebraDataInfoExtractor.cpp">
      <Filter>Source Files</Filter>
    </ClCompile>
    <ClCompile Include="ZebraSequence.cpp">
      <Filter>Source Files</Filter>
    </ClCompile>
    <ClCompile Include="DataModelBuilder.cpp">
      <Filter>Source Files</Filter>
    </ClCompile>
    <ClCompile Include="SequenceAnalyzer.cpp">
      <Filter>Source Files</Filter>
    </ClCompile>
    <ClCompile Include="SequenceEnterExitPattern.cpp">
      <Filter>Source Files</Filter>
    </ClCompile>
    <ClCompile Include="SequenceEnterIdlePattern.cpp">
      <Filter>Source Files</Filter>
    </ClCompile>
    <ClCompile Include="DPRCalculator.cpp">
      <Filter>Source Files</Filter>
    </ClCompile>
    <ClCompile Include="DataSetHighlightRules.cpp">
      <Filter>Source Files</Filter>
    </ClCompile>
    <ClCompile Include="DataSetExprContext.cpp">
      <Filter>Source Files</Filter>
    </ClCompile>
    <ClCompile Include="PickListEntry.cpp">
      <Filter>Source Files</Filter>
    </ClCompile>
  </ItemGroup>
  <ItemGroup>
    <QtMoc Include="ScoutingDataModel.h">
      <Filter>Header Files</Filter>
    </QtMoc>
    <QtMoc Include="StartStopWidget.h">
      <Filter>Header Files</Filter>
    </QtMoc>
    <QtMoc Include="DataGenerator.h">
      <Filter>Header Files</Filter>
    </QtMoc>
  </ItemGroup>
  <ItemGroup>
    <ResourceCompile Include="PCScoutData.rc" />
  </ItemGroup>
</Project>