<?xml version="1.0" encoding="utf-8"?>
<Project ToolsVersion="4.0" xmlns="http://schemas.microsoft.com/developer/msbuild/2003">
  <ItemGroup>
    <Filter Include="Source Files">
      <UniqueIdentifier>{4FC737F1-C7A5-4376-A066-2A32D752A2FF}</UniqueIdentifier>
      <Extensions>cpp;c;cc;cxx;def;odl;idl;hpj;bat;asm;asmx</Extensions>
    </Filter>
    <Filter Include="Header Files">
      <UniqueIdentifier>{93995380-89BD-4b04-88EB-625FBE52EBFB}</UniqueIdentifier>
      <Extensions>h;hh;hpp;hxx;hm;inl;inc;xsd</Extensions>
    </Filter>
    <Filter Include="Resource Files">
      <UniqueIdentifier>{D9D6E242-F8AF-46E4-B9FD-80ECBC20BA3E}</UniqueIdentifier>
      <Extensions>qrc;*</Extensions>
      <ParseFiles>false</ParseFiles>
    </Filter>
    <Filter Include="Resource Files">
      <UniqueIdentifier>{D9D6E242-F8AF-46E4-B9FD-80ECBC20BA3E}</UniqueIdentifier>
      <Extensions>qrc;*</Extensions>
      <ParseFiles>false</ParseFiles>
    </Filter>
    <Filter Include="Form Files">
      <UniqueIdentifier>{99349809-55BA-4b9d-BF79-8FDBB0286EB3}</UniqueIdentifier>
      <Extensions>ui</Extensions>
      <ParseFiles>true</ParseFiles>
    </Filter>
  </ItemGroup>
  <ItemGroup>
    <ClCompile Include="DocumentView.cpp">
      <Filter>Source Files</Filter>
    </ClCompile>
    <ClCompile Include="MatchViewWidget.cpp">
      <Filter>Source Files</Filter>
    </ClCompile>
    <ClCompile Include="FlowLayout.cpp">
      <Filter>Source Files</Filter>
    </ClCompile>
    <ClCompile Include="FormView.cpp">
      <Filter>Source Files</Filter>
    </ClCompile>
    <ClCompile Include="DataSetViewWidget.cpp">
      <Filter>Source Files</Filter>
    </ClCompile>
    <ClCompile Include="QueryViewWidget.cpp">
      <Filter>Source Files</Filter>
    </ClCompile>
    <ClCompile Include="ChangeHistoryView.cpp">
      <Filter>Source Files</Filter>
    </ClCompile>
    <ClCompile Include="DataMergeListWidget.cpp">
      <Filter>Source Files</Filter>
    </ClCompile>
    <ClCompile Include="ScoutDataMergeDialog.cpp">
      <Filter>Source Files</Filter>
    </ClCompile>
    <ClCompile Include="SingleInstanceGuard.cpp">
      <Filter>Source Files</Filter>
    </ClCompile>
    <ClCompile Include="GameFieldManager.cpp">
      <Filter>Source Files</Filter>
    </ClCompile>
    <ClCompile Include="ManagerBase.cpp">
      <Filter>Source Files</Filter>
    </ClCompile>
    <ClCompile Include="MathUtils.cpp">
      <Filter>Source Files</Filter>
    </ClCompile>
    <ClCompile Include="PathFieldView.cpp">
      <Filter>Source Files</Filter>
    </ClCompile>
    <ClCompile Include="UnitConverter.cpp">
      <Filter>Source Files</Filter>
    </ClCompile>
    <ClCompile Include="ZebraViewWidget.cpp">
      <Filter>Source Files</Filter>
    </ClCompile>
    <ClCompile Include="GraphView.cpp">
      <Filter>Source Files</Filter>
    </ClCompile>
    <ClCompile Include="SelectTeamsDialog.cpp">
      <Filter>Source Files</Filter>
    </ClCompile>
    <ClCompile Include="GraphConfigurationDialog.cpp">
      <Filter>Source Files</Filter>
    </ClCompile>
    <ClCompile Include="PreMatchGraphView.cpp">
      <Filter>Source Files</Filter>
    </ClCompile>
    <ClCompile Include="AllianceGraphView.cpp">
      <Filter>Source Files</Filter>
    </ClCompile>
    <ClCompile Include="ChartViewWrapper.cpp">
      <Filter>Source Files</Filter>
    </ClCompile>
    <ClCompile Include="ExpressionsEntryDialog.cpp">
      <Filter>Source Files</Filter>
    </ClCompile>
    <ClCompile Include="TeamScheduleViewWidget.cpp">
      <Filter>Source Files</Filter>
    </ClCompile>
    <ClCompile Include="TeamSummaryWidget.cpp">
      <Filter>Source Files</Filter>
    </ClCompile>
    <ClCompile Include="TimeBoundWidget.cpp">
      <Filter>Source Files</Filter>
    </ClCompile>
    <ClCompile Include="DataSetItemDelegate.cpp">
      <Filter>Source Files</Filter>
    </ClCompile>
    <ClCompile Include="EditName.cpp">
      <Filter>Source Files</Filter>
    </ClCompile>
    <ClCompile Include="PickListView.cpp">
      <Filter>Source Files</Filter>
    </ClCompile>
    <ClCompile Include="ZebraAnalysisView.cpp">
      <Filter>Source Files</Filter>
    </ClCompile>
    <ClCompile Include="ZebraPatternView.cpp">
      <Filter>Source Files</Filter>
    </ClCompile>
    <ClCompile Include="ZebraRegionEditor.cpp">
      <Filter>Source Files</Filter>
    </ClCompile>
    <ClCompile Include="IntroView.cpp">
      <Filter>Source Files</Filter>
    </ClCompile>
    <ClCompile Include="PatternListWidget.cpp">
      <Filter>Source Files</Filter>
    </ClCompile>
    <ClCompile Include="RobotActivityEditWidget.cpp">
      <Filter>Source Files</Filter>
    </ClCompile>
    <ClCompile Include="MatchTeamSelector.cpp">
      <Filter>Source Files</Filter>
    </ClCompile>
    <ClCompile Include="DataSetRulesEditor.cpp">
      <Filter>Source Files</Filter>
    </ClCompile>
    <ClCompile Include="DataSetFieldPopup.cpp">
      <Filter>Source Files</Filter>
    </ClCompile>
    <ClCompile Include="FieldItemDelegate.cpp">
      <Filter>Source Files</Filter>
    </ClCompile>
    <ClCompile Include="EquationLineEdit.cpp">
      <Filter>Source Files</Filter>
    </ClCompile>
    <ClCompile Include="PickListEditor.cpp">
      <Filter>Source Files</Filter>
    </ClCompile>
    <ClCompile Include="PickListEditorWidget.cpp">
      <Filter>Source Files</Filter>
    </ClCompile>
    <ClCompile Include="PickListRowWidget.cpp">
      <Filter>Source Files</Filter>
    </ClCompile>
  </ItemGroup>
  <ItemGroup>
    <ClInclude Include="MatchViewWidget.h">
      <Filter>Header Files</Filter>
    </ClInclude>
    <ClInclude Include="FlowLayout.h">
      <Filter>Header Files</Filter>
    </ClInclude>
    <ClInclude Include="QueryViewWidget.h">
      <Filter>Header Files</Filter>
    </ClInclude>
    <ClInclude Include="ViewBase.h">
      <Filter>Header Files</Filter>
    </ClInclude>
    <ClInclude Include="ChangeHistoryView.h">
      <Filter>Header Files</Filter>
    </ClInclude>
    <ClInclude Include="ScoutDataMergeDialog.h">
      <Filter>Header Files</Filter>
    </ClInclude>
    <ClInclude Include="SingleInstanceGuard.h">
      <Filter>Header Files</Filter>
    </ClInclude>
    <ClInclude Include="GameField.h">
      <Filter>Header Files</Filter>
    </ClInclude>
    <ClInclude Include="GameFieldManager.h">
      <Filter>Header Files</Filter>
    </ClInclude>
    <ClInclude Include="ManagerBase.h">
      <Filter>Header Files</Filter>
    </ClInclude>
    <ClInclude Include="MathUtils.h">
      <Filter>Header Files</Filter>
    </ClInclude>
    <ClInclude Include="UnitConverter.h">
      <Filter>Header Files</Filter>
    </ClInclude>
    <ClInclude Include="ZebraViewWidget.h">
      <Filter>Header Files</Filter>
    </ClInclude>
    <ClInclude Include="GraphView.h">
      <Filter>Header Files</Filter>
    </ClInclude>
    <ClInclude Include="SelectTeamsDialog.h">
      <Filter>Header Files</Filter>
    </ClInclude>
    <ClInclude Include="GraphConfigurationDialog.h">
      <Filter>Header Files</Filter>
    </ClInclude>
    <ClInclude Include="PreMatchGraphView.h">
      <Filter>Header Files</Filter>
    </ClInclude>
    <ClInclude Include="AllianceGraphView.h">
      <Filter>Header Files</Filter>
    </ClInclude>
    <ClInclude Include="ExpressionsEntryDialog.h">
      <Filter>Header Files</Filter>
    </ClInclude>
    <ClInclude Include="TeamScheduleViewWidget.h">
      <Filter>Header Files</Filter>
    </ClInclude>
    <ClInclude Include="DataSetItemDelegate.h">
      <Filter>Header Files</Filter>
    </ClInclude>
    <ClInclude Include="PickListView.h">
      <Filter>Header Files</Filter>
    </ClInclude>
    <ClInclude Include="ZebraAnalysisView.h">
      <Filter>Header Files</Filter>
    </ClInclude>
    <ClInclude Include="ZebraPatternView.h">
      <Filter>Header Files</Filter>
    </ClInclude>
    <ClInclude Include="ZebraRegionEditor.h">
      <Filter>Header Files</Filter>
    </ClInclude>
    <ClInclude Include="IntroView.h">
      <Filter>Header Files</Filter>
    </ClInclude>
    <ClInclude Include="PatternListWidget.h">
      <Filter>Header Files</Filter>
    </ClInclude>
    <ClInclude Include="FieldBasedWidget.h">
      <Filter>Header Files</Filter>
    </ClInclude>
    <ClInclude Include="FieldItemDelegate.h">
      <Filter>Header Files</Filter>
    </ClInclude>
    <ClInclude Include="EquationLineEdit.h">
      <Filter>Header Files</Filter>
    </ClInclude>
  </ItemGroup>
  <ItemGroup>
    <ClInclude Include="scoutviews_global.h">
      <Filter>Header Files</Filter>
    </ClInclude>
  </ItemGroup>
  <ItemGroup>
    <QtMoc Include="DocumentView.h">
      <Filter>Header Files</Filter>
    </QtMoc>
    <QtMoc Include="FormView.h">
      <Filter>Header Files</Filter>
    </QtMoc>
    <QtMoc Include="DataMergeListWidget.h">
      <Filter>Header Files</Filter>
    </QtMoc>
    <QtMoc Include="PathFieldView.h">
      <Filter>Header Files</Filter>
    </QtMoc>
    <QtMoc Include="TeamSummaryWidget.h">
      <Filter>Header Files</Filter>
    </QtMoc>
    <QtMoc Include="TimeBoundWidget.h">
      <Filter>Header Files</Filter>
    </QtMoc>
    <QtMoc Include="DataSetViewWidget.h">
      <Filter>Header Files</Filter>
    </QtMoc>
    <QtMoc Include="EditName.h">
      <Filter>Header Files</Filter>
    </QtMoc>
    <QtMoc Include="ChartViewWrapper.h">
      <Filter>Header Files</Filter>
    </QtMoc>
    <QtMoc Include="RobotActivityEditWidget.h">
      <Filter>Header Files</Filter>
    </QtMoc>
    <QtMoc Include="MatchTeamSelector.h">
      <Filter>Header Files</Filter>
    </QtMoc>
    <QtMoc Include="DataSetRulesEditor.h">
      <Filter>Header Files</Filter>
    </QtMoc>
    <QtMoc Include="DataSetFieldPopup.h">
      <Filter>Header Files</Filter>
    </QtMoc>
    <QtMoc Include="PickListEditorWidget.h">
      <Filter>Header Files</Filter>
    </QtMoc>
    <QtMoc Include="PickListEditor.h">
      <Filter>Header Files</Filter>
    </QtMoc>
    <QtMoc Include="PickListRowWidget.h">
      <Filter>Header Files</Filter>
    </QtMoc>
  </ItemGroup>
  <ItemGroup>
    <QtUic Include="DataSetRulesEditor.ui">
      <Filter>Form Files</Filter>
    </QtUic>
  </ItemGroup>
</Project>