<?xml version="1.0" encoding="utf-8"?>
<Project ToolsVersion="4.0" xmlns="http://schemas.microsoft.com/developer/msbuild/2003">
  <ItemGroup>
    <Filter Include="Source Files">
      <UniqueIdentifier>{4FC737F1-C7A5-4376-A066-2A32D752A2FF}</UniqueIdentifier>
      <Extensions>cpp;c;cc;cxx;def;odl;idl;hpj;bat;asm;asmx</Extensions>
    </Filter>
    <Filter Include="Header Files">
      <UniqueIdentifier>{93995380-89BD-4b04-88EB-625FBE52EBFB}</UniqueIdentifier>
      <Extensions>h;hh;hpp;hxx;hm;inl;inc;xsd</Extensions>
    </Filter>
    <Filter Include="Resource Files">
      <UniqueIdentifier>{D9D6E242-F8AF-46E4-B9FD-80ECBC20BA3E}</UniqueIdentifier>
      <Extensions>qrc;*</Extensions>
      <ParseFiles>false</ParseFiles>
    </Filter>
    <Filter Include="Form Files">
      <UniqueIdentifier>{99349809-55BA-4b9d-BF79-8FDBB0286EB3}</UniqueIdentifier>
      <Extensions>ui</Extensions>
    </Filter>
    <Filter Include="Resource Files">
      <UniqueIdentifier>{D9D6E242-F8AF-46E4-B9FD-80ECBC20BA3E}</UniqueIdentifier>
      <Extensions>qrc;*</Extensions>
      <ParseFiles>false</ParseFiles>
    </Filter>
    <Filter Include="AppControllers">
      <UniqueIdentifier>{b9d64f8a-2535-4ced-86b0-22eb8cbdab75}</UniqueIdentifier>
    </Filter>
    <Filter Include="AppControllers\Header Files">
      <UniqueIdentifier>{da9a4131-95f2-453e-889b-07c12013c210}</UniqueIdentifier>
    </Filter>
    <Filter Include="AppControllers\Source Files">
      <UniqueIdentifier>{7bd2ecfb-e407-48ef-af90-b35863ce19be}</UniqueIdentifier>
    </Filter>
  </ItemGroup>
  <ItemGroup>
    <ClCompile Include="main.cpp">
      <Filter>Source Files</Filter>
    </ClCompile>
    <ClCompile Include="PCScouter.cpp">
      <Filter>Source Files</Filter>
    </ClCompile>
    <ClCompile Include="SelectEventWizardPage.cpp">
      <Filter>Source Files</Filter>
    </ClCompile>
    <ClCompile Include="SelectScoutingFormsWizardPage.cpp">
      <Filter>Source Files</Filter>
    </ClCompile>
    <ClCompile Include="NewEventBlueAllianceWizard.cpp">
      <Filter>Source Files</Filter>
    </ClCompile>
    <ClCompile Include="TabletPoolWizardPage.cpp">
      <Filter>Source Files</Filter>
    </ClCompile>
    <ClCompile Include="TabletPoolListWidget.cpp">
      <Filter>Source Files</Filter>
    </ClCompile>
    <ClCompile Include="AdvListWidget.cpp">
      <Filter>Source Files</Filter>
    </ClCompile>
    <ClCompile Include="ClientProtocolHandler.cpp">
      <Filter>Source Files</Filter>
    </ClCompile>
    <ClCompile Include="SpecialListWidget.cpp">
      <Filter>Source Files</Filter>
    </ClCompile>
    <ClCompile Include="AboutDialog.cpp">
      <Filter>Source Files</Filter>
    </ClCompile>
    <ClCompile Include="DataModelBuilder.cpp">
      <Filter>Source Files</Filter>
    </ClCompile>
    <ClCompile Include="ApplicationController.cpp">
      <Filter>AppControllers\Source Files</Filter>
    </ClCompile>
    <ClCompile Include="ImportMatchDataController.cpp">
      <Filter>AppControllers\Source Files</Filter>
    </ClCompile>
    <ClCompile Include="ImportZebraDataController.cpp">
      <Filter>AppControllers\Source Files</Filter>
    </ClCompile>
    <ClCompile Include="NewEventAppController.cpp">
      <Filter>AppControllers\Source Files</Filter>
    </ClCompile>
    <ClCompile Include="TeamSummaryController.cpp">
      <Filter>AppControllers\Source Files</Filter>
    </ClCompile>
    <ClCompile Include="KPIController.cpp">
      <Filter>AppControllers\Source Files</Filter>
    </ClCompile>
  </ItemGroup>
  <ItemGroup>
    <QtMoc Include="PCScouter.h">
      <Filter>Header Files</Filter>
    </QtMoc>
    <QtMoc Include="NewEventBlueAllianceWizard.h">
      <Filter>Header Files</Filter>
    </QtMoc>
    <QtMoc Include="TabletPoolListWidget.h">
      <Filter>Header Files</Filter>
    </QtMoc>
    <QtMoc Include="ClientProtocolHandler.h">
      <Filter>Header Files</Filter>
    </QtMoc>
    <QtMoc Include="SpecialListWidget.h">
      <Filter>Header Files</Filter>
    </QtMoc>
    <QtMoc Include="AboutDialog.h">
      <Filter>Header Files</Filter>
    </QtMoc>
    <QtMoc Include="ApplicationController.h">
      <Filter>AppControllers\Header Files</Filter>
    </QtMoc>
  </ItemGroup>
  <ItemGroup>
    <QtRcc Include="PCScouter.qrc">
      <Filter>Resource Files</Filter>
    </QtRcc>
  </ItemGroup>
  <ItemGroup>
    <ClInclude Include="SelectEventWizardPage.h">
      <Filter>Header Files</Filter>
    </ClInclude>
    <ClInclude Include="SelectScoutingFormsWizardPage.h">
      <Filter>Header Files</Filter>
    </ClInclude>
    <ClInclude Include="TabletPoolWizardPage.h">
      <Filter>Header Files</Filter>
    </ClInclude>
    <ClInclude Include="AdvListWidget.h">
      <Filter>Header Files</Filter>
    </ClInclude>
    <ClInclude Include="resource.h">
      <Filter>Header Files</Filter>
    </ClInclude>
    <ClInclude Include="build.h">
      <Filter>Header Files</Filter>
    </ClInclude>
    <ClInclude Include="DataModelBuilder.h">
      <Filter>Header Files</Filter>
    </ClInclude>
    <ClInclude Include="ImportMatchDataController.h">
      <Filter>AppControllers\Header Files</Filter>
    </ClInclude>
    <ClInclude Include="ImportZebraDataController.h">
      <Filter>AppControllers\Header Files</Filter>
    </ClInclude>
    <ClInclude Include="NewEventAppController.h">
      <Filter>AppControllers\Header Files</Filter>
    </ClInclude>
    <ClInclude Include="TeamSummaryController.h">
      <Filter>AppControllers\Header Files</Filter>
    </ClInclude>
    <ClInclude Include="KPIController.h">
      <Filter>AppControllers\Header Files</Filter>
    </ClInclude>
  </ItemGroup>
  <ItemGroup>
    <QtUic Include="AboutDialog.ui">
      <Filter>Form Files</Filter>
    </QtUic>
  </ItemGroup>
  <ItemGroup>
    <None Include="PitScouting.json" />
    <None Include="MatchScouting.json" />
  </ItemGroup>
  <ItemGroup>
    <ResourceCompile Include="PCScouter.rc" />
  </ItemGroup>
  <ItemGroup>
    <Image Include="icon1.ico" />
  </ItemGroup>
</Project>